
Microsoft Visual Studio Solution File, Format Version 12.00
# Visual Studio Version 17
VisualStudioVersion = 17.13.35818.85 d17.13
MinimumVisualStudioVersion = 10.0.40219.1
Project("{F2A71F9B-5D33-465A-A702-920D77279786}") = "F# project", "F# project\F# project.fsproj", "{5A3C6A7A-8CD4-4B4D-978E-AEE41B35B865}"
EndProject
Global
	GlobalSection(SolutionConfigurationPlatforms) = preSolution
		Debug|Any CPU = Debug|Any CPU
		Release|Any CPU = Release|Any CPU
	EndGlobalSection
	GlobalSection(ProjectConfigurationPlatforms) = postSolution
		{5A3C6A7A-8CD4-4B4D-978E-AEE41B35B865}.Debug|Any CPU.ActiveCfg = Debug|Any CPU
		{5A3C6A7A-8CD4-4B4D-978E-AEE41B35B865}.Debug|Any CPU.Build.0 = Debug|Any CPU
		{5A3C6A7A-8CD4-4B4D-978E-AEE41B35B865}.Release|Any CPU.ActiveCfg = Release|Any CPU
		{5A3C6A7A-8CD4-4B4D-978E-AEE41B35B865}.Release|Any CPU.Build.0 = Release|Any CPU
	EndGlobalSection
	GlobalSection(SolutionProperties) = preSolution
		HideSolutionNode = FALSE
	EndGlobalSection
	GlobalSection(ExtensibilityGlobals) = postSolution
		SolutionGuid = {4883347D-0EC3-4BBC-9EE0-755E71E1907C}
	EndGlobalSection
EndGlobal
